
Microsoft Visual Studio Solution File, Format Version 12.00
# Visual Studio Version 16
VisualStudioVersion = 16.0.30011.22
MinimumVisualStudioVersion = 10.0.40219.1
Project("{FAE04EC0-301F-11D3-BF4B-00C04F79EFBC}") = "TP01M05", "TP01M05.csproj", "{89A6858D-FC3B-4BD9-AF08-E1F4F7E14ABB}"
EndProject
Global
	GlobalSection(SolutionConfigurationPlatforms) = preSolution
		Debug|Any CPU = Debug|Any CPU
		Release|Any CPU = Release|Any CPU
	EndGlobalSection
	GlobalSection(ProjectConfigurationPlatforms) = postSolution
		{89A6858D-FC3B-4BD9-AF08-E1F4F7E14ABB}.Debug|Any CPU.ActiveCfg = Debug|Any CPU
		{89A6858D-FC3B-4BD9-AF08-E1F4F7E14ABB}.Debug|Any CPU.Build.0 = Debug|Any CPU
		{89A6858D-FC3B-4BD9-AF08-E1F4F7E14ABB}.Release|Any CPU.ActiveCfg = Release|Any CPU
		{89A6858D-FC3B-4BD9-AF08-E1F4F7E14ABB}.Release|Any CPU.Build.0 = Release|Any CPU
	EndGlobalSection
	GlobalSection(SolutionProperties) = preSolution
		HideSolutionNode = FALSE
	EndGlobalSection
	GlobalSection(ExtensibilityGlobals) = postSolution
		SolutionGuid = {49AAB5D4-37D2-41DF-9772-0A7EB5F1AE51}
	EndGlobalSection
EndGlobal
